
Microsoft Visual Studio Solution File, Format Version 12.00
# Visual Studio Version 17
VisualStudioVersion = 17.10.35013.160
MinimumVisualStudioVersion = 10.0.40219.1
Project("{9A19103F-16F7-4668-BE54-9A1E7A4F7556}") = "Portal-do-aluno", "Portal-do-aluno.csproj", "{1B1BEC55-D956-4971-AE21-E41A65DE03B9}"
EndProject
Global
	GlobalSection(SolutionConfigurationPlatforms) = preSolution
		Debug|Any CPU = Debug|Any CPU
		Release|Any CPU = Release|Any CPU
	EndGlobalSection
	GlobalSection(ProjectConfigurationPlatforms) = postSolution
		{1B1BEC55-D956-4971-AE21-E41A65DE03B9}.Debug|Any CPU.ActiveCfg = Debug|Any CPU
		{1B1BEC55-D956-4971-AE21-E41A65DE03B9}.Debug|Any CPU.Build.0 = Debug|Any CPU
		{1B1BEC55-D956-4971-AE21-E41A65DE03B9}.Release|Any CPU.ActiveCfg = Release|Any CPU
		{1B1BEC55-D956-4971-AE21-E41A65DE03B9}.Release|Any CPU.Build.0 = Release|Any CPU
	EndGlobalSection
	GlobalSection(SolutionProperties) = preSolution
		HideSolutionNode = FALSE
	EndGlobalSection
	GlobalSection(ExtensibilityGlobals) = postSolution
		SolutionGuid = {B43F981B-BA73-4BCB-8D40-60E149D36448}
	EndGlobalSection
EndGlobal
